Microsoft Visual Studio Solution File, Format Version 12.00
# Visual Studio Version 17
VisualStudioVersion = 17.0.31611.283
MinimumVisualStudioVersion = 10.0.40219.1
Project("{9A19103F-16F7-4668-BE54-9A1E7A4F7556}") = "FitnessApp", "FitnessApp\FitnessApp.csproj", "{BAE47DAC-947D-4D7E-8913-AAC5A432B429}"
EndProject
Global
	GlobalSection(SolutionConfigurationPlatforms) = preSolution
		Debug|Any CPU = Debug|Any CPU
		Release|Any CPU = Release|Any CPU
	EndGlobalSection
	GlobalSection(ProjectConfigurationPlatforms) = postSolution
		{BAE47DAC-947D-4D7E-8913-AAC5A432B429}.Debug|Any CPU.ActiveCfg = Debug|Any CPU
		{BAE47DAC-947D-4D7E-8913-AAC5A432B429}.Debug|Any CPU.Build.0 = Debug|Any CPU
		{BAE47DAC-947D-4D7E-8913-AAC5A432B429}.Debug|Any CPU.Deploy.0 = Debug|Any CPU
		{BAE47DAC-947D-4D7E-8913-AAC5A432B429}.Release|Any CPU.ActiveCfg = Release|Any CPU
		{BAE47DAC-947D-4D7E-8913-AAC5A432B429}.Release|Any CPU.Build.0 = Release|Any CPU
		{BAE47DAC-947D-4D7E-8913-AAC5A432B429}.Release|Any CPU.Deploy.0 = Release|Any CPU
	EndGlobalSection
	GlobalSection(SolutionProperties) = preSolution
		HideSolutionNode = FALSE
	EndGlobalSection
	GlobalSection(ExtensibilityGlobals) = postSolution
		        SolutionGuid = {61F7FB11-1E47-470C-91E2-47F8143E1572}
		SolutionGuid = {3D449BCA-FD43-46F9-B3BB-0E23E2048792}
	EndGlobalSection
EndGlobal
